
Microsoft Visual Studio Solution File, Format Version 12.00
# Visual Studio Version 17
VisualStudioVersion = 17.14.36518.9 d17.14
MinimumVisualStudioVersion = 10.0.40219.1
Project("{FAE04EC0-301F-11D3-BF4B-00C04F79EFBC}") = "Academy Presentation", "Academy Presentation\Academy Presentation.csproj", "{B1958C1B-D166-447E-ADD6-C0CB7FDD50FD}"
EndProject
Project("{FAE04EC0-301F-11D3-BF4B-00C04F79EFBC}") = "Domain", "Domain\Domain.csproj", "{6C361404-56CC-4E19-8073-A3D2065F89C7}"
EndProject
Project("{FAE04EC0-301F-11D3-BF4B-00C04F79EFBC}") = "Repository", "Repository\Repository.csproj", "{D2644D37-514E-4AA0-82F9-FFDBE90B12B8}"
EndProject
Project("{FAE04EC0-301F-11D3-BF4B-00C04F79EFBC}") = "Service", "Service\Service.csproj", "{D717083D-6BA9-42B3-B636-73994CFE7771}"
EndProject
Global
	GlobalSection(SolutionConfigurationPlatforms) = preSolution
		Debug|Any CPU = Debug|Any CPU
		Release|Any CPU = Release|Any CPU
	EndGlobalSection
	GlobalSection(ProjectConfigurationPlatforms) = postSolution
		{B1958C1B-D166-447E-ADD6-C0CB7FDD50FD}.Debug|Any CPU.ActiveCfg = Debug|Any CPU
		{B1958C1B-D166-447E-ADD6-C0CB7FDD50FD}.Debug|Any CPU.Build.0 = Debug|Any CPU
		{B1958C1B-D166-447E-ADD6-C0CB7FDD50FD}.Release|Any CPU.ActiveCfg = Release|Any CPU
		{B1958C1B-D166-447E-ADD6-C0CB7FDD50FD}.Release|Any CPU.Build.0 = Release|Any CPU
		{6C361404-56CC-4E19-8073-A3D2065F89C7}.Debug|Any CPU.ActiveCfg = Debug|Any CPU
		{6C361404-56CC-4E19-8073-A3D2065F89C7}.Debug|Any CPU.Build.0 = Debug|Any CPU
		{6C361404-56CC-4E19-8073-A3D2065F89C7}.Release|Any CPU.ActiveCfg = Release|Any CPU
		{6C361404-56CC-4E19-8073-A3D2065F89C7}.Release|Any CPU.Build.0 = Release|Any CPU
		{D2644D37-514E-4AA0-82F9-FFDBE90B12B8}.Debug|Any CPU.ActiveCfg = Debug|Any CPU
		{D2644D37-514E-4AA0-82F9-FFDBE90B12B8}.Debug|Any CPU.Build.0 = Debug|Any CPU
		{D2644D37-514E-4AA0-82F9-FFDBE90B12B8}.Release|Any CPU.ActiveCfg = Release|Any CPU
		{D2644D37-514E-4AA0-82F9-FFDBE90B12B8}.Release|Any CPU.Build.0 = Release|Any CPU
		{D717083D-6BA9-42B3-B636-73994CFE7771}.Debug|Any CPU.ActiveCfg = Debug|Any CPU
		{D717083D-6BA9-42B3-B636-73994CFE7771}.Debug|Any CPU.Build.0 = Debug|Any CPU
		{D717083D-6BA9-42B3-B636-73994CFE7771}.Release|Any CPU.ActiveCfg = Release|Any CPU
		{D717083D-6BA9-42B3-B636-73994CFE7771}.Release|Any CPU.Build.0 = Release|Any CPU
	EndGlobalSection
	GlobalSection(SolutionProperties) = preSolution
		HideSolutionNode = FALSE
	EndGlobalSection
	GlobalSection(ExtensibilityGlobals) = postSolution
		SolutionGuid = {CB332EF3-B33A-4C89-A850-78E63F9CF0C7}
	EndGlobalSection
EndGlobal
